
Microsoft Visual Studio Solution File, Format Version 12.00
# Visual Studio Version 17
VisualStudioVersion = 17.5.33103.201
MinimumVisualStudioVersion = 10.0.40219.1
Project("{9A19103F-16F7-4668-BE54-9A1E7A4F7556}") = "Puzzle_01_Part_01", "Puzzle_01_Part_01\Puzzle_01_Part_01.csproj", "{45BB8865-299A-423A-982E-16562B4106A0}"
EndProject
Project("{9A19103F-16F7-4668-BE54-9A1E7A4F7556}") = "Puzzle_01_Part_02", "Puzzle_01_Part_02\Puzzle_01_Part_02.csproj", "{F13E6BA0-32A6-485B-8EED-CAA6BE2F3B9E}"
EndProject
Project("{2150E333-8FDC-42A3-9474-1A3956D46DE8}") = "Puzzle 01", "Puzzle 01", "{459D6C10-C2EA-46F8-85FB-63BAF473B9F2}"
EndProject
Project("{2150E333-8FDC-42A3-9474-1A3956D46DE8}") = "Puzzle 02", "Puzzle 02", "{370BFEEA-7141-4248-8C32-2D498B3C41DA}"
EndProject
Project("{FAE04EC0-301F-11D3-BF4B-00C04F79EFBC}") = "Puzzle_02_Part_01", "Puzzle_02_Part_01\Puzzle_02_Part_01.csproj", "{606395B3-EA3C-45F7-9E52-4A0047A505E3}"
EndProject
Global
	GlobalSection(SolutionConfigurationPlatforms) = preSolution
		Debug|Any CPU = Debug|Any CPU
		Release|Any CPU = Release|Any CPU
	EndGlobalSection
	GlobalSection(ProjectConfigurationPlatforms) = postSolution
		{45BB8865-299A-423A-982E-16562B4106A0}.Debug|Any CPU.ActiveCfg = Debug|Any CPU
		{45BB8865-299A-423A-982E-16562B4106A0}.Debug|Any CPU.Build.0 = Debug|Any CPU
		{45BB8865-299A-423A-982E-16562B4106A0}.Release|Any CPU.ActiveCfg = Release|Any CPU
		{45BB8865-299A-423A-982E-16562B4106A0}.Release|Any CPU.Build.0 = Release|Any CPU
		{F13E6BA0-32A6-485B-8EED-CAA6BE2F3B9E}.Debug|Any CPU.ActiveCfg = Debug|Any CPU
		{F13E6BA0-32A6-485B-8EED-CAA6BE2F3B9E}.Debug|Any CPU.Build.0 = Debug|Any CPU
		{F13E6BA0-32A6-485B-8EED-CAA6BE2F3B9E}.Release|Any CPU.ActiveCfg = Release|Any CPU
		{F13E6BA0-32A6-485B-8EED-CAA6BE2F3B9E}.Release|Any CPU.Build.0 = Release|Any CPU
		{606395B3-EA3C-45F7-9E52-4A0047A505E3}.Debug|Any CPU.ActiveCfg = Debug|Any CPU
		{606395B3-EA3C-45F7-9E52-4A0047A505E3}.Debug|Any CPU.Build.0 = Debug|Any CPU
		{606395B3-EA3C-45F7-9E52-4A0047A505E3}.Release|Any CPU.ActiveCfg = Release|Any CPU
		{606395B3-EA3C-45F7-9E52-4A0047A505E3}.Release|Any CPU.Build.0 = Release|Any CPU
	EndGlobalSection
	GlobalSection(SolutionProperties) = preSolution
		HideSolutionNode = FALSE
	EndGlobalSection
	GlobalSection(NestedProjects) = preSolution
		{45BB8865-299A-423A-982E-16562B4106A0} = {459D6C10-C2EA-46F8-85FB-63BAF473B9F2}
		{F13E6BA0-32A6-485B-8EED-CAA6BE2F3B9E} = {459D6C10-C2EA-46F8-85FB-63BAF473B9F2}
		{606395B3-EA3C-45F7-9E52-4A0047A505E3} = {370BFEEA-7141-4248-8C32-2D498B3C41DA}
	EndGlobalSection
	GlobalSection(ExtensibilityGlobals) = postSolution
		SolutionGuid = {5A907E09-D64D-47AD-9C8C-70B5B177A4D9}
	EndGlobalSection
EndGlobal
