
Microsoft Visual Studio Solution File, Format Version 12.00
# Visual Studio Version 17
VisualStudioVersion = 17.5.33103.201
MinimumVisualStudioVersion = 10.0.40219.1
Project("{9A19103F-16F7-4668-BE54-9A1E7A4F7556}") = "Puzzle_01_Part_01", "Puzzle_01_Part_01\Puzzle_01_Part_01.csproj", "{45BB8865-299A-423A-982E-16562B4106A0}"
EndProject
Project("{9A19103F-16F7-4668-BE54-9A1E7A4F7556}") = "Puzzle_01_Part_02", "Puzzle_01_Part_02\Puzzle_01_Part_02.csproj", "{F13E6BA0-32A6-485B-8EED-CAA6BE2F3B9E}"
EndProject
Project("{2150E333-8FDC-42A3-9474-1A3956D46DE8}") = "Puzzle 01", "Puzzle 01", "{459D6C10-C2EA-46F8-85FB-63BAF473B9F2}"
EndProject
Project("{2150E333-8FDC-42A3-9474-1A3956D46DE8}") = "Puzzle 02", "Puzzle 02", "{370BFEEA-7141-4248-8C32-2D498B3C41DA}"
EndProject
Project("{9A19103F-16F7-4668-BE54-9A1E7A4F7556}") = "Puzzle_02_Part_01", "Puzzle_02_Part_01\Puzzle_02_Part_01.csproj", "{606395B3-EA3C-45F7-9E52-4A0047A505E3}"
EndProject
Project("{9A19103F-16F7-4668-BE54-9A1E7A4F7556}") = "Puzzle_02_Part_02", "Puzzle_02_Part_02\Puzzle_02_Part_02.csproj", "{0E8BBC13-4DB2-41A1-A93C-45D3AE45BC14}"
EndProject
Project("{2150E333-8FDC-42A3-9474-1A3956D46DE8}") = "Puzzle 03", "Puzzle 03", "{A3FF2CB2-0A99-42C1-A7CD-91E5DE314994}"
EndProject
Project("{9A19103F-16F7-4668-BE54-9A1E7A4F7556}") = "Puzzle_03_Part_01", "Puzzle_03_Part_01\Puzzle_03_Part_01.csproj", "{7C87FB9E-53DB-4270-B540-0FC19B8EE2F8}"
EndProject
Project("{9A19103F-16F7-4668-BE54-9A1E7A4F7556}") = "Puzzle_03_Part_02", "Puzzle_03_Part_02\Puzzle_03_Part_02.csproj", "{EFAAF16C-9033-4C04-A8E9-4234E018A3C9}"
EndProject
Project("{2150E333-8FDC-42A3-9474-1A3956D46DE8}") = "Puzzle 04", "Puzzle 04", "{24C55CDF-B373-4F21-A034-F10F84EFFB5F}"
EndProject
Project("{9A19103F-16F7-4668-BE54-9A1E7A4F7556}") = "Puzzle_12_Part_01", "Puzzle_12_Part_01\Puzzle_12_Part_01.csproj", "{62CCD5F4-5772-406E-B9DB-7ECADA631F5C}"
EndProject
Project("{2150E333-8FDC-42A3-9474-1A3956D46DE8}") = "Puzzle_12", "Puzzle_12", "{170F2E88-B56F-43AB-B8F1-92D672DC520B}"
EndProject
Project("{FAE04EC0-301F-11D3-BF4B-00C04F79EFBC}") = "Puzzle_12_Part_02", "Puzzle_12_Part_02\Puzzle_12_Part_02.csproj", "{E8BFC3D0-8C4D-40ED-93A2-A491486203AA}"
EndProject
Project("{2150E333-8FDC-42A3-9474-1A3956D46DE8}") = "Puzzle_14", "Puzzle_14", "{EB96CE6A-533E-4D8A-A36C-BDE4E20CA126}"
EndProject
Project("{FAE04EC0-301F-11D3-BF4B-00C04F79EFBC}") = "Puzzle_14_Part_01", "Puzzle_14_Part_01\Puzzle_14_Part_01.csproj", "{394940C7-58C5-41AF-A48C-371F8CD2B099}"
EndProject
Global
	GlobalSection(SolutionConfigurationPlatforms) = preSolution
		Debug|Any CPU = Debug|Any CPU
		Debug|x64 = Debug|x64
		Release|Any CPU = Release|Any CPU
		Release|x64 = Release|x64
	EndGlobalSection
	GlobalSection(ProjectConfigurationPlatforms) = postSolution
		{45BB8865-299A-423A-982E-16562B4106A0}.Debug|Any CPU.ActiveCfg = Debug|Any CPU
		{45BB8865-299A-423A-982E-16562B4106A0}.Debug|Any CPU.Build.0 = Debug|Any CPU
		{45BB8865-299A-423A-982E-16562B4106A0}.Debug|x64.ActiveCfg = Debug|Any CPU
		{45BB8865-299A-423A-982E-16562B4106A0}.Debug|x64.Build.0 = Debug|Any CPU
		{45BB8865-299A-423A-982E-16562B4106A0}.Release|Any CPU.ActiveCfg = Release|Any CPU
		{45BB8865-299A-423A-982E-16562B4106A0}.Release|Any CPU.Build.0 = Release|Any CPU
		{45BB8865-299A-423A-982E-16562B4106A0}.Release|x64.ActiveCfg = Release|Any CPU
		{45BB8865-299A-423A-982E-16562B4106A0}.Release|x64.Build.0 = Release|Any CPU
		{F13E6BA0-32A6-485B-8EED-CAA6BE2F3B9E}.Debug|Any CPU.ActiveCfg = Debug|Any CPU
		{F13E6BA0-32A6-485B-8EED-CAA6BE2F3B9E}.Debug|Any CPU.Build.0 = Debug|Any CPU
		{F13E6BA0-32A6-485B-8EED-CAA6BE2F3B9E}.Debug|x64.ActiveCfg = Debug|Any CPU
		{F13E6BA0-32A6-485B-8EED-CAA6BE2F3B9E}.Debug|x64.Build.0 = Debug|Any CPU
		{F13E6BA0-32A6-485B-8EED-CAA6BE2F3B9E}.Release|Any CPU.ActiveCfg = Release|Any CPU
		{F13E6BA0-32A6-485B-8EED-CAA6BE2F3B9E}.Release|Any CPU.Build.0 = Release|Any CPU
		{F13E6BA0-32A6-485B-8EED-CAA6BE2F3B9E}.Release|x64.ActiveCfg = Release|Any CPU
		{F13E6BA0-32A6-485B-8EED-CAA6BE2F3B9E}.Release|x64.Build.0 = Release|Any CPU
		{606395B3-EA3C-45F7-9E52-4A0047A505E3}.Debug|Any CPU.ActiveCfg = Debug|Any CPU
		{606395B3-EA3C-45F7-9E52-4A0047A505E3}.Debug|Any CPU.Build.0 = Debug|Any CPU
		{606395B3-EA3C-45F7-9E52-4A0047A505E3}.Debug|x64.ActiveCfg = Debug|Any CPU
		{606395B3-EA3C-45F7-9E52-4A0047A505E3}.Debug|x64.Build.0 = Debug|Any CPU
		{606395B3-EA3C-45F7-9E52-4A0047A505E3}.Release|Any CPU.ActiveCfg = Release|Any CPU
		{606395B3-EA3C-45F7-9E52-4A0047A505E3}.Release|Any CPU.Build.0 = Release|Any CPU
		{606395B3-EA3C-45F7-9E52-4A0047A505E3}.Release|x64.ActiveCfg = Release|Any CPU
		{606395B3-EA3C-45F7-9E52-4A0047A505E3}.Release|x64.Build.0 = Release|Any CPU
		{0E8BBC13-4DB2-41A1-A93C-45D3AE45BC14}.Debug|Any CPU.ActiveCfg = Debug|Any CPU
		{0E8BBC13-4DB2-41A1-A93C-45D3AE45BC14}.Debug|Any CPU.Build.0 = Debug|Any CPU
		{0E8BBC13-4DB2-41A1-A93C-45D3AE45BC14}.Debug|x64.ActiveCfg = Debug|Any CPU
		{0E8BBC13-4DB2-41A1-A93C-45D3AE45BC14}.Debug|x64.Build.0 = Debug|Any CPU
		{0E8BBC13-4DB2-41A1-A93C-45D3AE45BC14}.Release|Any CPU.ActiveCfg = Release|Any CPU
		{0E8BBC13-4DB2-41A1-A93C-45D3AE45BC14}.Release|Any CPU.Build.0 = Release|Any CPU
		{0E8BBC13-4DB2-41A1-A93C-45D3AE45BC14}.Release|x64.ActiveCfg = Release|Any CPU
		{0E8BBC13-4DB2-41A1-A93C-45D3AE45BC14}.Release|x64.Build.0 = Release|Any CPU
		{7C87FB9E-53DB-4270-B540-0FC19B8EE2F8}.Debug|Any CPU.ActiveCfg = Debug|Any CPU
		{7C87FB9E-53DB-4270-B540-0FC19B8EE2F8}.Debug|Any CPU.Build.0 = Debug|Any CPU
		{7C87FB9E-53DB-4270-B540-0FC19B8EE2F8}.Debug|x64.ActiveCfg = Debug|Any CPU
		{7C87FB9E-53DB-4270-B540-0FC19B8EE2F8}.Debug|x64.Build.0 = Debug|Any CPU
		{7C87FB9E-53DB-4270-B540-0FC19B8EE2F8}.Release|Any CPU.ActiveCfg = Release|Any CPU
		{7C87FB9E-53DB-4270-B540-0FC19B8EE2F8}.Release|Any CPU.Build.0 = Release|Any CPU
		{7C87FB9E-53DB-4270-B540-0FC19B8EE2F8}.Release|x64.ActiveCfg = Release|Any CPU
		{7C87FB9E-53DB-4270-B540-0FC19B8EE2F8}.Release|x64.Build.0 = Release|Any CPU
		{EFAAF16C-9033-4C04-A8E9-4234E018A3C9}.Debug|Any CPU.ActiveCfg = Debug|Any CPU
		{EFAAF16C-9033-4C04-A8E9-4234E018A3C9}.Debug|Any CPU.Build.0 = Debug|Any CPU
		{EFAAF16C-9033-4C04-A8E9-4234E018A3C9}.Debug|x64.ActiveCfg = Debug|Any CPU
		{EFAAF16C-9033-4C04-A8E9-4234E018A3C9}.Debug|x64.Build.0 = Debug|Any CPU
		{EFAAF16C-9033-4C04-A8E9-4234E018A3C9}.Release|Any CPU.ActiveCfg = Release|Any CPU
		{EFAAF16C-9033-4C04-A8E9-4234E018A3C9}.Release|Any CPU.Build.0 = Release|Any CPU
		{EFAAF16C-9033-4C04-A8E9-4234E018A3C9}.Release|x64.ActiveCfg = Release|Any CPU
		{EFAAF16C-9033-4C04-A8E9-4234E018A3C9}.Release|x64.Build.0 = Release|Any CPU
		{62CCD5F4-5772-406E-B9DB-7ECADA631F5C}.Debug|Any CPU.ActiveCfg = Debug|Any CPU
		{62CCD5F4-5772-406E-B9DB-7ECADA631F5C}.Debug|Any CPU.Build.0 = Debug|Any CPU
		{62CCD5F4-5772-406E-B9DB-7ECADA631F5C}.Debug|x64.ActiveCfg = Debug|Any CPU
		{62CCD5F4-5772-406E-B9DB-7ECADA631F5C}.Debug|x64.Build.0 = Debug|Any CPU
		{62CCD5F4-5772-406E-B9DB-7ECADA631F5C}.Release|Any CPU.ActiveCfg = Release|Any CPU
		{62CCD5F4-5772-406E-B9DB-7ECADA631F5C}.Release|Any CPU.Build.0 = Release|Any CPU
		{62CCD5F4-5772-406E-B9DB-7ECADA631F5C}.Release|x64.ActiveCfg = Release|x64
		{62CCD5F4-5772-406E-B9DB-7ECADA631F5C}.Release|x64.Build.0 = Release|x64
		{E8BFC3D0-8C4D-40ED-93A2-A491486203AA}.Debug|Any CPU.ActiveCfg = Debug|Any CPU
		{E8BFC3D0-8C4D-40ED-93A2-A491486203AA}.Debug|Any CPU.Build.0 = Debug|Any CPU
		{E8BFC3D0-8C4D-40ED-93A2-A491486203AA}.Debug|x64.ActiveCfg = Debug|Any CPU
		{E8BFC3D0-8C4D-40ED-93A2-A491486203AA}.Debug|x64.Build.0 = Debug|Any CPU
		{E8BFC3D0-8C4D-40ED-93A2-A491486203AA}.Release|Any CPU.ActiveCfg = Release|Any CPU
		{E8BFC3D0-8C4D-40ED-93A2-A491486203AA}.Release|Any CPU.Build.0 = Release|Any CPU
		{E8BFC3D0-8C4D-40ED-93A2-A491486203AA}.Release|x64.ActiveCfg = Release|Any CPU
		{E8BFC3D0-8C4D-40ED-93A2-A491486203AA}.Release|x64.Build.0 = Release|Any CPU
		{394940C7-58C5-41AF-A48C-371F8CD2B099}.Debug|Any CPU.ActiveCfg = Debug|Any CPU
		{394940C7-58C5-41AF-A48C-371F8CD2B099}.Debug|Any CPU.Build.0 = Debug|Any CPU
		{394940C7-58C5-41AF-A48C-371F8CD2B099}.Debug|x64.ActiveCfg = Debug|Any CPU
		{394940C7-58C5-41AF-A48C-371F8CD2B099}.Debug|x64.Build.0 = Debug|Any CPU
		{394940C7-58C5-41AF-A48C-371F8CD2B099}.Release|Any CPU.ActiveCfg = Release|Any CPU
		{394940C7-58C5-41AF-A48C-371F8CD2B099}.Release|Any CPU.Build.0 = Release|Any CPU
		{394940C7-58C5-41AF-A48C-371F8CD2B099}.Release|x64.ActiveCfg = Release|Any CPU
		{394940C7-58C5-41AF-A48C-371F8CD2B099}.Release|x64.Build.0 = Release|Any CPU
	EndGlobalSection
	GlobalSection(SolutionProperties) = preSolution
		HideSolutionNode = FALSE
	EndGlobalSection
	GlobalSection(NestedProjects) = preSolution
		{45BB8865-299A-423A-982E-16562B4106A0} = {459D6C10-C2EA-46F8-85FB-63BAF473B9F2}
		{F13E6BA0-32A6-485B-8EED-CAA6BE2F3B9E} = {459D6C10-C2EA-46F8-85FB-63BAF473B9F2}
		{606395B3-EA3C-45F7-9E52-4A0047A505E3} = {370BFEEA-7141-4248-8C32-2D498B3C41DA}
		{0E8BBC13-4DB2-41A1-A93C-45D3AE45BC14} = {370BFEEA-7141-4248-8C32-2D498B3C41DA}
		{7C87FB9E-53DB-4270-B540-0FC19B8EE2F8} = {A3FF2CB2-0A99-42C1-A7CD-91E5DE314994}
		{EFAAF16C-9033-4C04-A8E9-4234E018A3C9} = {A3FF2CB2-0A99-42C1-A7CD-91E5DE314994}
		{62CCD5F4-5772-406E-B9DB-7ECADA631F5C} = {170F2E88-B56F-43AB-B8F1-92D672DC520B}
		{E8BFC3D0-8C4D-40ED-93A2-A491486203AA} = {170F2E88-B56F-43AB-B8F1-92D672DC520B}
		{394940C7-58C5-41AF-A48C-371F8CD2B099} = {EB96CE6A-533E-4D8A-A36C-BDE4E20CA126}
	EndGlobalSection
	GlobalSection(ExtensibilityGlobals) = postSolution
		SolutionGuid = {5A907E09-D64D-47AD-9C8C-70B5B177A4D9}
	EndGlobalSection
EndGlobal
